PODS:
  - AFNetworking (4.0.1):
    - AFNetworking/NSURLSession (= 4.0.1)
    - AFNetworking/Reachability (= 4.0.1)
    - AFNetworking/Security (= 4.0.1)
    - AFNetworking/Serialization (= 4.0.1)
    - AFNetworking/UIKit (= 4.0.1)
  - AFNetworking/NSURLSession (4.0.1):
    - AFNetworking/Reachability
    - AFNetworking/Security
    - AFNetworking/Serialization
  - AFNetworking/Reachability (4.0.1)
  - AFNetworking/Security (4.0.1)
  - AFNetworking/Serialization (4.0.1)
  - AFNetworking/UIKit (4.0.1):
    - AFNetworking/NSURLSession
  - JDCore (0.0.1):
    - JDRouter
  - JDLibCore (0.0.1)
  - JDNetwork (0.0.1):
    - AFNetworking
  - JDOrder (0.0.1)
  - JDResources (0.0.1)
  - JDRouter (2.0.0):
    - JDRouter/Annotation (= 2.0.0)
    - JDRouter/Intent (= 2.0.0)
  - JDRouter/Annotation (2.0.0)
  - JDRouter/Intent (2.0.0)
  - JDUIKit (0.0.1)
  - JDUser (0.0.1)
  - JDUtils (0.0.1)

DEPENDENCIES:
  - JDCore (from `../../base/core/JDCore.podspec`)
  - JDLibCore (from `../../base/lib/JDLibCore.podspec`)
  - JDNetwork (from `../../base/net/JDNetwork.podspec`)
  - JDOrder (from `../../business/order/JDOrder/JDOrder.podspec`)
  - JDResources (from `../../business/resources/JDResources.podspec`)
  - JDUIKit (from `../../base/ui/JDUIKit.podspec`)
  - JDUser (from `../../business/user/JDUser/JDUser.podspec`)
  - JDUtils (from `../../base/utils/JDUtils.podspec`)

SPEC REPOS:
  trunk:
    - AFNetworking
    - JDRouter

EXTERNAL SOURCES:
  JDCore:
    :path: "../../base/core/JDCore.podspec"
  JDLibCore:
    :path: "../../base/lib/JDLibCore.podspec"
  JDNetwork:
    :path: "../../base/net/JDNetwork.podspec"
  JDOrder:
    :path: "../../business/order/JDOrder/JDOrder.podspec"
  JDResources:
    :path: "../../business/resources/JDResources.podspec"
  JDUIKit:
    :path: "../../base/ui/JDUIKit.podspec"
  JDUser:
    :path: "../../business/user/JDUser/JDUser.podspec"
  JDUtils:
    :path: "../../base/utils/JDUtils.podspec"

SPEC CHECKSUMS:
  AFNetworking: 7864c38297c79aaca1500c33288e429c3451fdce
  JDCore: 3127fe2ca3b73eb6a28d6b72e9c69533b86534df
  JDLibCore: 32ce7332cd935d4babd54da258b4dc867a775f41
  JDNetwork: 3cb5603493300e76384fc959f510f56abf352608
  JDOrder: a6a6c8140f6949040f56df53ed2b6f27db8ed353
  JDResources: b050a694b19d5770169fb313725966de64ed9381
  JDRouter: 62ae32a2215cd824606e8c7ee79f6a7bc21ddbd7
  JDUIKit: 8046947cd8b3c07f35f0feb2fcaa597442e6232d
  JDUser: e3d853b780796260d03121bee2eca89addcfa641
  JDUtils: 09a74b8b28b57fe8b9daa94cb9741aa4010bfd3a

PODFILE CHECKSUM: 720c6bc4cdab6b9440b57783f0bd7621c3ddb860

COCOAPODS: 1.9.1
