PODS:
  - JDCore (0.0.1):
    - JDRouter
  - JDRouter (1.2.6):
    - JDRouter/Intent (= 1.2.6)
    - JDRouter/Router (= 1.2.6)
  - JDRouter/Intent (1.2.6)
  - JDRouter/Router (1.2.6)

DEPENDENCIES:
  - JDCore (from `../`)
  - JDRouter

EXTERNAL SOURCES:
  JDCore:
    :path: ../

SPEC CHECKSUMS:
  JDCore: 51a779ba4dada50d3449e6eaee8ca9b60a73a85b
  JDRouter: 7481f0ac9cde4968cfdf9c2c434c52e8344b18b3

PODFILE CHECKSUM: 001e743a0a96f502917e9c0ec8d1cffb45be0518

COCOAPODS: 1.2.0.beta.3
