// !$*UTF8*$!
{
	archiveVersion = 1;
	classes = {
	};
	objectVersion = 46;
	objects = {

/* Begin PBXBuildFile section */
		4D147ACD1F2748D300C9569C /* main.m in Sources */ = {isa = PBXBuildFile; fileRef = 4D147ACC1F2748D300C9569C /* main.m */; };
		4D147AD01F2748D300C9569C /* AppDelegate.m in Sources */ = {isa = PBXBuildFile; fileRef = 4D147ACF1F2748D300C9569C /* AppDelegate.m */; };
		4D147AD31F2748D300C9569C /* ViewController.m in Sources */ = {isa = PBXBuildFile; fileRef = 4D147AD21F2748D300C9569C /* ViewController.m */; };
		4D147AD61F2748D300C9569C /* Main.storyboard in Resources */ = {isa = PBXBuildFile; fileRef = 4D147AD41F2748D300C9569C /* Main.storyboard */; };
		4D147AD81F2748D300C9569C /* Assets.xcassets in Resources */ = {isa = PBXBuildFile; fileRef = 4D147AD71F2748D300C9569C /* Assets.xcassets */; };
		4D147ADB1F2748D300C9569C /* LaunchScreen.storyboard in Resources */ = {isa = PBXBuildFile; fileRef = 4D147AD91F2748D300C9569C /* LaunchScreen.storyboard */; };
		58643A1557FFEA1114B3F150 /* libPods-JDOrder.a in Frameworks */ = {isa = PBXBuildFile; fileRef = 8AB3C0E2F50C5B5E9CE07048 /* libPods-JDOrder.a */; };
/* End PBXBuildFile section */

/* Begin PBXFileReference section */
		4D147AC81F2748D300C9569C /* JDOrder.app */ = {isa = PBXFileReference; explicitFileType = wrapper.application; includeInIndex = 0; path = JDOrder.app; sourceTree = BUILT_PRODUCTS_DIR; };
		4D147ACC1F2748D300C9569C /* main.m */ = {isa = PBXFileReference; lastKnownFileType = sourcecode.c.objc; path = main.m; sourceTree = "<group>"; };
		4D147ACE1F2748D300C9569C /* AppDelegate.h */ = {isa = PBXFileReference; lastKnownFileType = sourcecode.c.h; path = AppDelegate.h; sourceTree = "<group>"; };
		4D147ACF1F2748D300C9569C /* AppDelegate.m */ = {isa = PBXFileReference; lastKnownFileType = sourcecode.c.objc; path = AppDelegate.m; sourceTree = "<group>"; };
		4D147AD11F2748D300C9569C /* ViewController.h */ = {isa = PBXFileReference; lastKnownFileType = sourcecode.c.h; path = ViewController.h; sourceTree = "<group>"; };
		4D147AD21F2748D300C9569C /* ViewController.m */ = {isa = PBXFileReference; lastKnownFileType = sourcecode.c.objc; path = ViewController.m; sourceTree = "<group>"; };
		4D147AD51F2748D300C9569C /* Base */ = {isa = PBXFileReference; lastKnownFileType = file.storyboard; name = Base; path = Base.lproj/Main.storyboard; sourceTree = "<group>"; };
		4D147AD71F2748D300C9569C /* Assets.xcassets */ = {isa = PBXFileReference; lastKnownFileType = folder.assetcatalog; path = Assets.xcassets; sourceTree = "<group>"; };
		4D147ADA1F2748D300C9569C /* Base */ = {isa = PBXFileReference; lastKnownFileType = file.storyboard; name = Base; path = Base.lproj/LaunchScreen.storyboard; sourceTree = "<group>"; };
		4D147ADC1F2748D300C9569C /* Info.plist */ = {isa = PBXFileReference; lastKnownFileType = text.plist.xml; path = Info.plist; sourceTree = "<group>"; };
		6920355A20C25C02F821BF6B /* Pods-JDOrder.debug.xcconfig */ = {isa = PBXFileReference; includeInIndex = 1; lastKnownFileType = text.xcconfig; name = "Pods-JDOrder.debug.xcconfig"; path = "Pods/Target Support Files/Pods-JDOrder/Pods-JDOrder.debug.xcconfig"; sourceTree = "<group>"; };
		8AB3C0E2F50C5B5E9CE07048 /* libPods-JDOrder.a */ = {isa = PBXFileReference; explicitFileType = archive.ar; includeInIndex = 0; path = "libPods-JDOrder.a"; sourceTree = BUILT_PRODUCTS_DIR; };
		BC64033A2F702A67101A894C /* Pods-JDOrder.release.xcconfig */ = {isa = PBXFileReference; includeInIndex = 1; lastKnownFileType = text.xcconfig; name = "Pods-JDOrder.release.xcconfig"; path = "Pods/Target Support Files/Pods-JDOrder/Pods-JDOrder.release.xcconfig"; sourceTree = "<group>"; };
/* End PBXFileReference section */

/* Begin PBXFrameworksBuildPhase section */
		4D147AC51F2748D300C9569C /* Frameworks */ = {
			isa = PBXFrameworksBuildPhase;
			buildActionMask = 2147483647;
			files = (
				58643A1557FFEA1114B3F150 /* libPods-JDOrder.a in Frameworks */,
			);
			runOnlyForDeploymentPostprocessing = 0;
		};
/* End PBXFrameworksBuildPhase section */

/* Begin PBXGroup section */
		12B5B25C3B62BC33F017F3F8 /* Frameworks */ = {
			isa = PBXGroup;
			children = (
				8AB3C0E2F50C5B5E9CE07048 /* libPods-JDOrder.a */,
			);
			name = Frameworks;
			sourceTree = "<group>";
		};
		30CA6BC6967C419EB82BCFA5 /* Pods */ = {
			isa = PBXGroup;
			children = (
				6920355A20C25C02F821BF6B /* Pods-JDOrder.debug.xcconfig */,
				BC64033A2F702A67101A894C /* Pods-JDOrder.release.xcconfig */,
			);
			name = Pods;
			sourceTree = "<group>";
		};
		4D147ABF1F2748D300C9569C = {
			isa = PBXGroup;
			children = (
				4D147AE31F274A9600C9569C /* Sources */,
				4D147ACA1F2748D300C9569C /* JDOrder */,
				4D147AC91F2748D300C9569C /* Products */,
				30CA6BC6967C419EB82BCFA5 /* Pods */,
				12B5B25C3B62BC33F017F3F8 /* Frameworks */,
			);
			sourceTree = "<group>";
		};
		4D147AC91F2748D300C9569C /* Products */ = {
			isa = PBXGroup;
			children = (
				4D147AC81F2748D300C9569C /* JDOrder.app */,
			);
			name = Products;
			sourceTree = "<group>";
		};
		4D147ACA1F2748D300C9569C /* JDOrder */ = {
			isa = PBXGroup;
			children = (
				4D147ACE1F2748D300C9569C /* AppDelegate.h */,
				4D147ACF1F2748D300C9569C /* AppDelegate.m */,
				4D147AD11F2748D300C9569C /* ViewController.h */,
				4D147AD21F2748D300C9569C /* ViewController.m */,
				4D147AD41F2748D300C9569C /* Main.storyboard */,
				4D147AD71F2748D300C9569C /* Assets.xcassets */,
				4D147AD91F2748D300C9569C /* LaunchScreen.storyboard */,
				4D147ADC1F2748D300C9569C /* Info.plist */,
				4D147ACB1F2748D300C9569C /* Supporting Files */,
			);
			path = JDOrder;
			sourceTree = "<group>";
		};
		4D147ACB1F2748D300C9569C /* Supporting Files */ = {
			isa = PBXGroup;
			children = (
				4D147ACC1F2748D300C9569C /* main.m */,
			);
			name = "Supporting Files";
			sourceTree = "<group>";
		};
		4D147AE31F274A9600C9569C /* Sources */ = {
			isa = PBXGroup;
			children = (
			);
			path = Sources;
			sourceTree = "<group>";
		};
/* End PBXGroup section */

/* Begin PBXNativeTarget section */
		4D147AC71F2748D300C9569C /* JDOrder */ = {
			isa = PBXNativeTarget;
			buildConfigurationList = 4D147ADF1F2748D300C9569C /* Build configuration list for PBXNativeTarget "JDOrder" */;
			buildPhases = (
				478326A330AC33F66834B954 /* [CP] Check Pods Manifest.lock */,
				4D147AC41F2748D300C9569C /* Sources */,
				4D147AC51F2748D300C9569C /* Frameworks */,
				4D147AC61F2748D300C9569C /* Resources */,
				73B3C561202133E6AE6B1855 /* [CP] Embed Pods Frameworks */,
				C3B7BA70704A37B3362FDD0E /* [CP] Copy Pods Resources */,
			);
			buildRules = (
			);
			dependencies = (
			);
			name = JDOrder;
			productName = JDOrder;
			productReference = 4D147AC81F2748D300C9569C /* JDOrder.app */;
			productType = "com.apple.product-type.application";
		};
/* End PBXNativeTarget section */

/* Begin PBXProject section */
		4D147AC01F2748D300C9569C /* Project object */ = {
			isa = PBXProject;
			attributes = {
				LastUpgradeCheck = 0830;
				ORGANIZATIONNAME = "王金东";
				TargetAttributes = {
					4D147AC71F2748D300C9569C = {
						CreatedOnToolsVersion = 8.3.3;
						ProvisioningStyle = Automatic;
					};
				};
			};
			buildConfigurationList = 4D147AC31F2748D300C9569C /* Build configuration list for PBXProject "JDOrder" */;
			compatibilityVersion = "Xcode 3.2";
			developmentRegion = English;
			hasScannedForEncodings = 0;
			knownRegions = (
				en,
				Base,
			);
			mainGroup = 4D147ABF1F2748D300C9569C;
			productRefGroup = 4D147AC91F2748D300C9569C /* Products */;
			projectDirPath = "";
			projectRoot = "";
			targets = (
				4D147AC71F2748D300C9569C /* JDOrder */,
			);
		};
/* End PBXProject section */

/* Begin PBXResourcesBuildPhase section */
		4D147AC61F2748D300C9569C /* Resources */ = {
			isa = PBXResourcesBuildPhase;
			buildActionMask = 2147483647;
			files = (
				4D147ADB1F2748D300C9569C /* LaunchScreen.storyboard in Resources */,
				4D147AD81F2748D300C9569C /* Assets.xcassets in Resources */,
				4D147AD61F2748D300C9569C /* Main.storyboard in Resources */,
			);
			runOnlyForDeploymentPostprocessing = 0;
		};
/* End PBXResourcesBuildPhase section */

/* Begin PBXShellScriptBuildPhase section */
		478326A330AC33F66834B954 /* [CP] Check Pods Manifest.lock */ = {
			isa = PBXShellScriptBuildPhase;
			buildActionMask = 2147483647;
			files = (
			);
			inputPaths = (
			);
			name = "[CP] Check Pods Manifest.lock";
			outputPaths = (
			);
			runOnlyForDeploymentPostprocessing = 0;
			shellPath = /bin/sh;
			shellScript = "diff \"${PODS_ROOT}/../Podfile.lock\" \"${PODS_ROOT}/Manifest.lock\" > /dev/null\nif [ $? != 0 ] ; then\n    # print error to STDERR\n    echo \"error: The sandbox is not in sync with the Podfile.lock. Run 'pod install' or update your CocoaPods installation.\" >&2\n    exit 1\nfi\n";
			showEnvVarsInLog = 0;
		};
		73B3C561202133E6AE6B1855 /* [CP] Embed Pods Frameworks */ = {
			isa = PBXShellScriptBuildPhase;
			buildActionMask = 2147483647;
			files = (
			);
			inputPaths = (
			);
			name = "[CP] Embed Pods Frameworks";
			outputPaths = (
			);
			runOnlyForDeploymentPostprocessing = 0;
			shellPath = /bin/sh;
			shellScript = "\"${SRCROOT}/Pods/Target Support Files/Pods-JDOrder/Pods-JDOrder-frameworks.sh\"\n";
			showEnvVarsInLog = 0;
		};
		C3B7BA70704A37B3362FDD0E /* [CP] Copy Pods Resources */ = {
			isa = PBXShellScriptBuildPhase;
			buildActionMask = 2147483647;
			files = (
			);
			inputPaths = (
			);
			name = "[CP] Copy Pods Resources";
			outputPaths = (
			);
			runOnlyForDeploymentPostprocessing = 0;
			shellPath = /bin/sh;
			shellScript = "\"${SRCROOT}/Pods/Target Support Files/Pods-JDOrder/Pods-JDOrder-resources.sh\"\n";
			showEnvVarsInLog = 0;
		};
/* End PBXShellScriptBuildPhase section */

/* Begin PBXSourcesBuildPhase section */
		4D147AC41F2748D300C9569C /* Sources */ = {
			isa = PBXSourcesBuildPhase;
			buildActionMask = 2147483647;
			files = (
				4D147AD31F2748D300C9569C /* ViewController.m in Sources */,
				4D147AD01F2748D300C9569C /* AppDelegate.m in Sources */,
				4D147ACD1F2748D300C9569C /* main.m in Sources */,
			);
			runOnlyForDeploymentPostprocessing = 0;
		};
/* End PBXSourcesBuildPhase section */

/* Begin PBXVariantGroup section */
		4D147AD41F2748D300C9569C /* Main.storyboard */ = {
			isa = PBXVariantGroup;
			children = (
				4D147AD51F2748D300C9569C /* Base */,
			);
			name = Main.storyboard;
			sourceTree = "<group>";
		};
		4D147AD91F2748D300C9569C /* LaunchScreen.storyboard */ = {
			isa = PBXVariantGroup;
			children = (
				4D147ADA1F2748D300C9569C /* Base */,
			);
			name = LaunchScreen.storyboard;
			sourceTree = "<group>";
		};
/* End PBXVariantGroup section */

/* Begin XCBuildConfiguration section */
		4D147ADD1F2748D300C9569C /* Debug */ = {
			isa = XCBuildConfiguration;
			buildSettings = {
				ALWAYS_SEARCH_USER_PATHS = NO;
				CLANG_ANALYZER_NONNULL = YES;
				CLANG_ANALYZER_NUMBER_OBJECT_CONVERSION = YES_AGGRESSIVE;
				CLANG_CXX_LANGUAGE_STANDARD = "gnu++0x";
				CLANG_CXX_LIBRARY = "libc++";
				CLANG_ENABLE_MODULES = YES;
				CLANG_ENABLE_OBJC_ARC = YES;
				CLANG_WARN_BOOL_CONVERSION = YES;
				CLANG_WARN_CONSTANT_CONVERSION = YES;
				CLANG_WARN_DIRECT_OBJC_ISA_USAGE = YES_ERROR;
				CLANG_WARN_DOCUMENTATION_COMMENTS = YES;
				CLANG_WARN_EMPTY_BODY = YES;
				CLANG_WARN_ENUM_CONVERSION = YES;
				CLANG_WARN_INFINITE_RECURSION = YES;
				CLANG_WARN_INT_CONVERSION = YES;
				CLANG_WARN_OBJC_ROOT_CLASS = YES_ERROR;
				CLANG_WARN_SUSPICIOUS_MOVE = YES;
				CLANG_WARN_UNREACHABLE_CODE = YES;
				CLANG_WARN__DUPLICATE_METHOD_MATCH = YES;
				"CODE_SIGN_IDENTITY[sdk=iphoneos*]" = "iPhone Developer";
				COPY_PHASE_STRIP = NO;
				DEBUG_INFORMATION_FORMAT = dwarf;
				ENABLE_STRICT_OBJC_MSGSEND = YES;
				ENABLE_TESTABILITY = YES;
				GCC_C_LANGUAGE_STANDARD = gnu99;
				GCC_DYNAMIC_NO_PIC = NO;
				GCC_NO_COMMON_BLOCKS = YES;
				GCC_OPTIMIZATION_LEVEL = 0;
				GCC_PREPROCESSOR_DEFINITIONS = (
					"DEBUG=1",
					"$(inherited)",
				);
				GCC_WARN_64_TO_32_BIT_CONVERSION = YES;
				GCC_WARN_ABOUT_RETURN_TYPE = YES_ERROR;
				GCC_WARN_UNDECLARED_SELECTOR = YES;
				GCC_WARN_UNINITIALIZED_AUTOS = YES_AGGRESSIVE;
				GCC_WARN_UNUSED_FUNCTION = YES;
				GCC_WARN_UNUSED_VARIABLE = YES;
				IPHONEOS_DEPLOYMENT_TARGET = 10.3;
				MTL_ENABLE_DEBUG_INFO = YES;
				ONLY_ACTIVE_ARCH = YES;
				SDKROOT = iphoneos;
			};
			name = Debug;
		};
		4D147ADE1F2748D300C9569C /* Release */ = {
			isa = XCBuildConfiguration;
			buildSettings = {
				ALWAYS_SEARCH_USER_PATHS = NO;
				CLANG_ANALYZER_NONNULL = YES;
				CLANG_ANALYZER_NUMBER_OBJECT_CONVERSION = YES_AGGRESSIVE;
				CLANG_CXX_LANGUAGE_STANDARD = "gnu++0x";
				CLANG_CXX_LIBRARY = "libc++";
				CLANG_ENABLE_MODULES = YES;
				CLANG_ENABLE_OBJC_ARC = YES;
				CLANG_WARN_BOOL_CONVERSION = YES;
				CLANG_WARN_CONSTANT_CONVERSION = YES;
				CLANG_WARN_DIRECT_OBJC_ISA_USAGE = YES_ERROR;
				CLANG_WARN_DOCUMENTATION_COMMENTS = YES;
				CLANG_WARN_EMPTY_BODY = YES;
				CLANG_WARN_ENUM_CONVERSION = YES;
				CLANG_WARN_INFINITE_RECURSION = YES;
				CLANG_WARN_INT_CONVERSION = YES;
				CLANG_WARN_OBJC_ROOT_CLASS = YES_ERROR;
				CLANG_WARN_SUSPICIOUS_MOVE = YES;
				CLANG_WARN_UNREACHABLE_CODE = YES;
				CLANG_WARN__DUPLICATE_METHOD_MATCH = YES;
				"CODE_SIGN_IDENTITY[sdk=iphoneos*]" = "iPhone Developer";
				COPY_PHASE_STRIP = NO;
				DEBUG_INFORMATION_FORMAT = "dwarf-with-dsym";
				ENABLE_NS_ASSERTIONS = NO;
				ENABLE_STRICT_OBJC_MSGSEND = YES;
				GCC_C_LANGUAGE_STANDARD = gnu99;
				GCC_NO_COMMON_BLOCKS = YES;
				GCC_WARN_64_TO_32_BIT_CONVERSION = YES;
				GCC_WARN_ABOUT_RETURN_TYPE = YES_ERROR;
				GCC_WARN_UNDECLARED_SELECTOR = YES;
				GCC_WARN_UNINITIALIZED_AUTOS = YES_AGGRESSIVE;
				GCC_WARN_UNUSED_FUNCTION = YES;
				GCC_WARN_UNUSED_VARIABLE = YES;
				IPHONEOS_DEPLOYMENT_TARGET = 10.3;
				MTL_ENABLE_DEBUG_INFO = NO;
				SDKROOT = iphoneos;
				VALIDATE_PRODUCT = YES;
			};
			name = Release;
		};
		4D147AE01F2748D300C9569C /* Debug */ = {
			isa = XCBuildConfiguration;
			baseConfigurationReference = 6920355A20C25C02F821BF6B /* Pods-JDOrder.debug.xcconfig */;
			buildSettings = {
				ASSETCATALOG_COMPILER_APPICON_NAME = AppIcon;
				INFOPLIST_FILE = JDOrder/Info.plist;
				LD_RUNPATH_SEARCH_PATHS = "$(inherited) @executable_path/Frameworks";
				PRODUCT_BUNDLE_IDENTIFIER = com.jd.JDOrder;
				PRODUCT_NAME = "$(TARGET_NAME)";
			};
			name = Debug;
		};
		4D147AE11F2748D300C9569C /* Release */ = {
			isa = XCBuildConfiguration;
			baseConfigurationReference = BC64033A2F702A67101A894C /* Pods-JDOrder.release.xcconfig */;
			buildSettings = {
				ASSETCATALOG_COMPILER_APPICON_NAME = AppIcon;
				INFOPLIST_FILE = JDOrder/Info.plist;
				LD_RUNPATH_SEARCH_PATHS = "$(inherited) @executable_path/Frameworks";
				PRODUCT_BUNDLE_IDENTIFIER = com.jd.JDOrder;
				PRODUCT_NAME = "$(TARGET_NAME)";
			};
			name = Release;
		};
/* End XCBuildConfiguration section */

/* Begin XCConfigurationList section */
		4D147AC31F2748D300C9569C /* Build configuration list for PBXProject "JDOrder" */ = {
			isa = XCConfigurationList;
			buildConfigurations = (
				4D147ADD1F2748D300C9569C /* Debug */,
				4D147ADE1F2748D300C9569C /* Release */,
			);
			defaultConfigurationIsVisible = 0;
			defaultConfigurationName = Release;
		};
		4D147ADF1F2748D300C9569C /* Build configuration list for PBXNativeTarget "JDOrder" */ = {
			isa = XCConfigurationList;
			buildConfigurations = (
				4D147AE01F2748D300C9569C /* Debug */,
				4D147AE11F2748D300C9569C /* Release */,
			);
			defaultConfigurationIsVisible = 0;
			defaultConfigurationName = Release;
		};
/* End XCConfigurationList section */
	};
	rootObject = 4D147AC01F2748D300C9569C /* Project object */;
}
