// !$*UTF8*$!
{
	archiveVersion = 1;
	classes = {
	};
	objectVersion = 46;
	objects = {

/* Begin PBXBuildFile section */
		4D1AF2D31F273717006B7845 /* main.m in Sources */ = {isa = PBXBuildFile; fileRef = 4D1AF2D21F273717006B7845 /* main.m */; };
		4D1AF2D61F273717006B7845 /* AppDelegate.m in Sources */ = {isa = PBXBuildFile; fileRef = 4D1AF2D51F273717006B7845 /* AppDelegate.m */; };
		4D1AF2D91F273717006B7845 /* ViewController.m in Sources */ = {isa = PBXBuildFile; fileRef = 4D1AF2D81F273717006B7845 /* ViewController.m */; };
		4D1AF2DC1F273717006B7845 /* Main.storyboard in Resources */ = {isa = PBXBuildFile; fileRef = 4D1AF2DA1F273717006B7845 /* Main.storyboard */; };
		4D1AF2E11F273717006B7845 /* LaunchScreen.storyboard in Resources */ = {isa = PBXBuildFile; fileRef = 4D1AF2DF1F273717006B7845 /* LaunchScreen.storyboard */; };
		5A2727AE1EF8185ABC99FE0D /* libPods-JDMainApp.a in Frameworks */ = {isa = PBXBuildFile; fileRef = 8D83B86C447EA2BB2B3F9410 /* libPods-JDMainApp.a */; };
/* End PBXBuildFile section */

/* Begin PBXFileReference section */
		4D1AF2CE1F273717006B7845 /* JDMainApp.app */ = {isa = PBXFileReference; explicitFileType = wrapper.application; includeInIndex = 0; path = JDMainApp.app; sourceTree = BUILT_PRODUCTS_DIR; };
		4D1AF2D21F273717006B7845 /* main.m */ = {isa = PBXFileReference; lastKnownFileType = sourcecode.c.objc; path = main.m; sourceTree = "<group>"; };
		4D1AF2D41F273717006B7845 /* AppDelegate.h */ = {isa = PBXFileReference; lastKnownFileType = sourcecode.c.h; path = AppDelegate.h; sourceTree = "<group>"; };
		4D1AF2D51F273717006B7845 /* AppDelegate.m */ = {isa = PBXFileReference; lastKnownFileType = sourcecode.c.objc; path = AppDelegate.m; sourceTree = "<group>"; };
		4D1AF2D71F273717006B7845 /* ViewController.h */ = {isa = PBXFileReference; lastKnownFileType = sourcecode.c.h; path = ViewController.h; sourceTree = "<group>"; };
		4D1AF2D81F273717006B7845 /* ViewController.m */ = {isa = PBXFileReference; lastKnownFileType = sourcecode.c.objc; path = ViewController.m; sourceTree = "<group>"; };
		4D1AF2DB1F273717006B7845 /* Base */ = {isa = PBXFileReference; lastKnownFileType = file.storyboard; name = Base; path = Base.lproj/Main.storyboard; sourceTree = "<group>"; };
		4D1AF2DD1F273717006B7845 /* Assets.xcassets */ = {isa = PBXFileReference; lastKnownFileType = folder.assetcatalog; path = Assets.xcassets; sourceTree = "<group>"; };
		4D1AF2E01F273717006B7845 /* Base */ = {isa = PBXFileReference; lastKnownFileType = file.storyboard; name = Base; path = Base.lproj/LaunchScreen.storyboard; sourceTree = "<group>"; };
		4D1AF2E21F273718006B7845 /* Info.plist */ = {isa = PBXFileReference; lastKnownFileType = text.plist.xml; path = Info.plist; sourceTree = "<group>"; };
		536A7C747C7BFDE8B06F7627 /* Pods-JDMainApp.release.xcconfig */ = {isa = PBXFileReference; includeInIndex = 1; lastKnownFileType = text.xcconfig; name = "Pods-JDMainApp.release.xcconfig"; path = "Pods/Target Support Files/Pods-JDMainApp/Pods-JDMainApp.release.xcconfig"; sourceTree = "<group>"; };
		8D83B86C447EA2BB2B3F9410 /* libPods-JDMainApp.a */ = {isa = PBXFileReference; explicitFileType = archive.ar; includeInIndex = 0; path = "libPods-JDMainApp.a"; sourceTree = BUILT_PRODUCTS_DIR; };
		E1FD9E3DBD738F4D45B45BCE /* Pods-JDMainApp.debug.xcconfig */ = {isa = PBXFileReference; includeInIndex = 1; lastKnownFileType = text.xcconfig; name = "Pods-JDMainApp.debug.xcconfig"; path = "Pods/Target Support Files/Pods-JDMainApp/Pods-JDMainApp.debug.xcconfig"; sourceTree = "<group>"; };
/* End PBXFileReference section */

/* Begin PBXFrameworksBuildPhase section */
		4D1AF2CB1F273717006B7845 /* Frameworks */ = {
			isa = PBXFrameworksBuildPhase;
			buildActionMask = 2147483647;
			files = (
				5A2727AE1EF8185ABC99FE0D /* libPods-JDMainApp.a in Frameworks */,
			);
			runOnlyForDeploymentPostprocessing = 0;
		};
/* End PBXFrameworksBuildPhase section */

/* Begin PBXGroup section */
		1CCD1E4450620C902EF566ED /* Pods */ = {
			isa = PBXGroup;
			children = (
				E1FD9E3DBD738F4D45B45BCE /* Pods-JDMainApp.debug.xcconfig */,
				536A7C747C7BFDE8B06F7627 /* Pods-JDMainApp.release.xcconfig */,
			);
			name = Pods;
			sourceTree = "<group>";
		};
		4D1AF2C51F273717006B7845 = {
			isa = PBXGroup;
			children = (
				4D1AF2D01F273717006B7845 /* JDMainApp */,
				4D1AF2CF1F273717006B7845 /* Products */,
				1CCD1E4450620C902EF566ED /* Pods */,
				FFEBDB2591D44DF7F302BB50 /* Frameworks */,
			);
			sourceTree = "<group>";
		};
		4D1AF2CF1F273717006B7845 /* Products */ = {
			isa = PBXGroup;
			children = (
				4D1AF2CE1F273717006B7845 /* JDMainApp.app */,
			);
			name = Products;
			sourceTree = "<group>";
		};
		4D1AF2D01F273717006B7845 /* JDMainApp */ = {
			isa = PBXGroup;
			children = (
				4D1AF2D41F273717006B7845 /* AppDelegate.h */,
				4D1AF2D51F273717006B7845 /* AppDelegate.m */,
				4D1AF2D71F273717006B7845 /* ViewController.h */,
				4D1AF2D81F273717006B7845 /* ViewController.m */,
				4D1AF2DA1F273717006B7845 /* Main.storyboard */,
				4D1AF2DD1F273717006B7845 /* Assets.xcassets */,
				4D1AF2DF1F273717006B7845 /* LaunchScreen.storyboard */,
				4D1AF2E21F273718006B7845 /* Info.plist */,
				4D1AF2D11F273717006B7845 /* Supporting Files */,
			);
			path = JDMainApp;
			sourceTree = "<group>";
		};
		4D1AF2D11F273717006B7845 /* Supporting Files */ = {
			isa = PBXGroup;
			children = (
				4D1AF2D21F273717006B7845 /* main.m */,
			);
			name = "Supporting Files";
			sourceTree = "<group>";
		};
		FFEBDB2591D44DF7F302BB50 /* Frameworks */ = {
			isa = PBXGroup;
			children = (
				8D83B86C447EA2BB2B3F9410 /* libPods-JDMainApp.a */,
			);
			name = Frameworks;
			sourceTree = "<group>";
		};
/* End PBXGroup section */

/* Begin PBXNativeTarget section */
		4D1AF2CD1F273717006B7845 /* JDMainApp */ = {
			isa = PBXNativeTarget;
			buildConfigurationList = 4D1AF2E51F273718006B7845 /* Build configuration list for PBXNativeTarget "JDMainApp" */;
			buildPhases = (
				5073394F8A1DCCC7F052CF97 /* [CP] Check Pods Manifest.lock */,
				4D1AF2CA1F273717006B7845 /* Sources */,
				4D1AF2CB1F273717006B7845 /* Frameworks */,
				4D1AF2CC1F273717006B7845 /* Resources */,
				32F0F6A19CF240FA6EC9D463 /* [CP] Embed Pods Frameworks */,
				D3342D5CB6E3463C8B03403E /* [CP] Copy Pods Resources */,
			);
			buildRules = (
			);
			dependencies = (
			);
			name = JDMainApp;
			productName = JDMainApp;
			productReference = 4D1AF2CE1F273717006B7845 /* JDMainApp.app */;
			productType = "com.apple.product-type.application";
		};
/* End PBXNativeTarget section */

/* Begin PBXProject section */
		4D1AF2C61F273717006B7845 /* Project object */ = {
			isa = PBXProject;
			attributes = {
				LastUpgradeCheck = 0830;
				ORGANIZATIONNAME = "王金东";
				TargetAttributes = {
					4D1AF2CD1F273717006B7845 = {
						CreatedOnToolsVersion = 8.3.3;
						DevelopmentTeam = EB333MN775;
						ProvisioningStyle = Automatic;
					};
				};
			};
			buildConfigurationList = 4D1AF2C91F273717006B7845 /* Build configuration list for PBXProject "JDMainApp" */;
			compatibilityVersion = "Xcode 3.2";
			developmentRegion = English;
			hasScannedForEncodings = 0;
			knownRegions = (
				English,
				en,
				Base,
			);
			mainGroup = 4D1AF2C51F273717006B7845;
			productRefGroup = 4D1AF2CF1F273717006B7845 /* Products */;
			projectDirPath = "";
			projectRoot = "";
			targets = (
				4D1AF2CD1F273717006B7845 /* JDMainApp */,
			);
		};
/* End PBXProject section */

/* Begin PBXResourcesBuildPhase section */
		4D1AF2CC1F273717006B7845 /* Resources */ = {
			isa = PBXResourcesBuildPhase;
			buildActionMask = 2147483647;
			files = (
				4D1AF2E11F273717006B7845 /* LaunchScreen.storyboard in Resources */,
				4D1AF2DC1F273717006B7845 /* Main.storyboard in Resources */,
			);
			runOnlyForDeploymentPostprocessing = 0;
		};
/* End PBXResourcesBuildPhase section */

/* Begin PBXShellScriptBuildPhase section */
		32F0F6A19CF240FA6EC9D463 /* [CP] Embed Pods Frameworks */ = {
			isa = PBXShellScriptBuildPhase;
			buildActionMask = 2147483647;
			files = (
			);
			inputPaths = (
				"${PODS_ROOT}/Target Support Files/Pods-JDMainApp/Pods-JDMainApp-frameworks.sh",
				"${PODS_ROOT}/../../../base/lib/Libs/JDLib.framework",
			);
			name = "[CP] Embed Pods Frameworks";
			outputPaths = (
				"${TARGET_BUILD_DIR}/${FRAMEWORKS_FOLDER_PATH}/JDLib.framework",
			);
			runOnlyForDeploymentPostprocessing = 0;
			shellPath = /bin/sh;
			shellScript = "\"${PODS_ROOT}/Target Support Files/Pods-JDMainApp/Pods-JDMainApp-frameworks.sh\"\n";
			showEnvVarsInLog = 0;
		};
		5073394F8A1DCCC7F052CF97 /* [CP] Check Pods Manifest.lock */ = {
			isa = PBXShellScriptBuildPhase;
			buildActionMask = 2147483647;
			files = (
			);
			inputPaths = (
				"${PODS_PODFILE_DIR_PATH}/Podfile.lock",
				"${PODS_ROOT}/Manifest.lock",
			);
			name = "[CP] Check Pods Manifest.lock";
			outputPaths = (
				"$(DERIVED_FILE_DIR)/Pods-JDMainApp-checkManifestLockResult.txt",
			);
			runOnlyForDeploymentPostprocessing = 0;
			shellPath = /bin/sh;
			shellScript = "diff \"${PODS_PODFILE_DIR_PATH}/Podfile.lock\" \"${PODS_ROOT}/Manifest.lock\" > /dev/null\nif [ $? != 0 ] ; then\n    # print error to STDERR\n    echo \"error: The sandbox is not in sync with the Podfile.lock. Run 'pod install' or update your CocoaPods installation.\" >&2\n    exit 1\nfi\n# This output is used by Xcode 'outputs' to avoid re-running this script phase.\necho \"SUCCESS\" > \"${SCRIPT_OUTPUT_FILE_0}\"\n";
			showEnvVarsInLog = 0;
		};
		D3342D5CB6E3463C8B03403E /* [CP] Copy Pods Resources */ = {
			isa = PBXShellScriptBuildPhase;
			buildActionMask = 2147483647;
			files = (
			);
			inputPaths = (
				"${PODS_ROOT}/Target Support Files/Pods-JDMainApp/Pods-JDMainApp-resources.sh",
				"${PODS_ROOT}/../../../business/resources/Assets.xcassets",
				"${PODS_ROOT}/../../../business/resources/other/test3.gif",
			);
			name = "[CP] Copy Pods Resources";
			outputPaths = (
				"${TARGET_BUILD_DIR}/${UNLOCALIZED_RESOURCES_FOLDER_PATH}/Assets.car",
				"${TARGET_BUILD_DIR}/${UNLOCALIZED_RESOURCES_FOLDER_PATH}/test3.gif",
			);
			runOnlyForDeploymentPostprocessing = 0;
			shellPath = /bin/sh;
			shellScript = "\"${PODS_ROOT}/Target Support Files/Pods-JDMainApp/Pods-JDMainApp-resources.sh\"\n";
			showEnvVarsInLog = 0;
		};
/* End PBXShellScriptBuildPhase section */

/* Begin PBXSourcesBuildPhase section */
		4D1AF2CA1F273717006B7845 /* Sources */ = {
			isa = PBXSourcesBuildPhase;
			buildActionMask = 2147483647;
			files = (
				4D1AF2D91F273717006B7845 /* ViewController.m in Sources */,
				4D1AF2D61F273717006B7845 /* AppDelegate.m in Sources */,
				4D1AF2D31F273717006B7845 /* main.m in Sources */,
			);
			runOnlyForDeploymentPostprocessing = 0;
		};
/* End PBXSourcesBuildPhase section */

/* Begin PBXVariantGroup section */
		4D1AF2DA1F273717006B7845 /* Main.storyboard */ = {
			isa = PBXVariantGroup;
			children = (
				4D1AF2DB1F273717006B7845 /* Base */,
			);
			name = Main.storyboard;
			sourceTree = "<group>";
		};
		4D1AF2DF1F273717006B7845 /* LaunchScreen.storyboard */ = {
			isa = PBXVariantGroup;
			children = (
				4D1AF2E01F273717006B7845 /* Base */,
			);
			name = LaunchScreen.storyboard;
			sourceTree = "<group>";
		};
/* End PBXVariantGroup section */

/* Begin XCBuildConfiguration section */
		4D1AF2E31F273718006B7845 /* Debug */ = {
			isa = XCBuildConfiguration;
			buildSettings = {
				ALWAYS_SEARCH_USER_PATHS = NO;
				CLANG_ANALYZER_NONNULL = YES;
				CLANG_ANALYZER_NUMBER_OBJECT_CONVERSION = YES_AGGRESSIVE;
				CLANG_CXX_LANGUAGE_STANDARD = "gnu++0x";
				CLANG_CXX_LIBRARY = "libc++";
				CLANG_ENABLE_MODULES = YES;
				CLANG_ENABLE_OBJC_ARC = YES;
				CLANG_WARN_BOOL_CONVERSION = YES;
				CLANG_WARN_CONSTANT_CONVERSION = YES;
				CLANG_WARN_DIRECT_OBJC_ISA_USAGE = YES_ERROR;
				CLANG_WARN_DOCUMENTATION_COMMENTS = YES;
				CLANG_WARN_EMPTY_BODY = YES;
				CLANG_WARN_ENUM_CONVERSION = YES;
				CLANG_WARN_INFINITE_RECURSION = YES;
				CLANG_WARN_INT_CONVERSION = YES;
				CLANG_WARN_OBJC_ROOT_CLASS = YES_ERROR;
				CLANG_WARN_SUSPICIOUS_MOVE = YES;
				CLANG_WARN_UNREACHABLE_CODE = YES;
				CLANG_WARN__DUPLICATE_METHOD_MATCH = YES;
				"CODE_SIGN_IDENTITY[sdk=iphoneos*]" = "iPhone Developer";
				COPY_PHASE_STRIP = NO;
				DEBUG_INFORMATION_FORMAT = dwarf;
				ENABLE_STRICT_OBJC_MSGSEND = YES;
				ENABLE_TESTABILITY = YES;
				GCC_C_LANGUAGE_STANDARD = gnu99;
				GCC_DYNAMIC_NO_PIC = NO;
				GCC_NO_COMMON_BLOCKS = YES;
				GCC_OPTIMIZATION_LEVEL = 0;
				GCC_PREPROCESSOR_DEFINITIONS = (
					"DEBUG=1",
					"$(inherited)",
				);
				GCC_WARN_64_TO_32_BIT_CONVERSION = YES;
				GCC_WARN_ABOUT_RETURN_TYPE = YES_ERROR;
				GCC_WARN_UNDECLARED_SELECTOR = YES;
				GCC_WARN_UNINITIALIZED_AUTOS = YES_AGGRESSIVE;
				GCC_WARN_UNUSED_FUNCTION = YES;
				GCC_WARN_UNUSED_VARIABLE = YES;
				IPHONEOS_DEPLOYMENT_TARGET = 10.3;
				MTL_ENABLE_DEBUG_INFO = YES;
				ONLY_ACTIVE_ARCH = YES;
				SDKROOT = iphoneos;
			};
			name = Debug;
		};
		4D1AF2E41F273718006B7845 /* Release */ = {
			isa = XCBuildConfiguration;
			buildSettings = {
				ALWAYS_SEARCH_USER_PATHS = NO;
				CLANG_ANALYZER_NONNULL = YES;
				CLANG_ANALYZER_NUMBER_OBJECT_CONVERSION = YES_AGGRESSIVE;
				CLANG_CXX_LANGUAGE_STANDARD = "gnu++0x";
				CLANG_CXX_LIBRARY = "libc++";
				CLANG_ENABLE_MODULES = YES;
				CLANG_ENABLE_OBJC_ARC = YES;
				CLANG_WARN_BOOL_CONVERSION = YES;
				CLANG_WARN_CONSTANT_CONVERSION = YES;
				CLANG_WARN_DIRECT_OBJC_ISA_USAGE = YES_ERROR;
				CLANG_WARN_DOCUMENTATION_COMMENTS = YES;
				CLANG_WARN_EMPTY_BODY = YES;
				CLANG_WARN_ENUM_CONVERSION = YES;
				CLANG_WARN_INFINITE_RECURSION = YES;
				CLANG_WARN_INT_CONVERSION = YES;
				CLANG_WARN_OBJC_ROOT_CLASS = YES_ERROR;
				CLANG_WARN_SUSPICIOUS_MOVE = YES;
				CLANG_WARN_UNREACHABLE_CODE = YES;
				CLANG_WARN__DUPLICATE_METHOD_MATCH = YES;
				"CODE_SIGN_IDENTITY[sdk=iphoneos*]" = "iPhone Developer";
				COPY_PHASE_STRIP = NO;
				DEBUG_INFORMATION_FORMAT = "dwarf-with-dsym";
				ENABLE_NS_ASSERTIONS = NO;
				ENABLE_STRICT_OBJC_MSGSEND = YES;
				GCC_C_LANGUAGE_STANDARD = gnu99;
				GCC_NO_COMMON_BLOCKS = YES;
				GCC_WARN_64_TO_32_BIT_CONVERSION = YES;
				GCC_WARN_ABOUT_RETURN_TYPE = YES_ERROR;
				GCC_WARN_UNDECLARED_SELECTOR = YES;
				GCC_WARN_UNINITIALIZED_AUTOS = YES_AGGRESSIVE;
				GCC_WARN_UNUSED_FUNCTION = YES;
				GCC_WARN_UNUSED_VARIABLE = YES;
				IPHONEOS_DEPLOYMENT_TARGET = 10.3;
				MTL_ENABLE_DEBUG_INFO = NO;
				SDKROOT = iphoneos;
				VALIDATE_PRODUCT = YES;
			};
			name = Release;
		};
		4D1AF2E61F273718006B7845 /* Debug */ = {
			isa = XCBuildConfiguration;
			baseConfigurationReference = E1FD9E3DBD738F4D45B45BCE /* Pods-JDMainApp.debug.xcconfig */;
			buildSettings = {
				ASSETCATALOG_COMPILER_APPICON_NAME = AppIcon;
				DEVELOPMENT_TEAM = EB333MN775;
				INFOPLIST_FILE = JDMainApp/Info.plist;
				LD_RUNPATH_SEARCH_PATHS = "$(inherited) @executable_path/Frameworks";
				PRODUCT_BUNDLE_IDENTIFIER = com.jd.JDMainApp;
				PRODUCT_NAME = "$(TARGET_NAME)";
			};
			name = Debug;
		};
		4D1AF2E71F273718006B7845 /* Release */ = {
			isa = XCBuildConfiguration;
			baseConfigurationReference = 536A7C747C7BFDE8B06F7627 /* Pods-JDMainApp.release.xcconfig */;
			buildSettings = {
				ASSETCATALOG_COMPILER_APPICON_NAME = AppIcon;
				DEVELOPMENT_TEAM = EB333MN775;
				INFOPLIST_FILE = JDMainApp/Info.plist;
				LD_RUNPATH_SEARCH_PATHS = "$(inherited) @executable_path/Frameworks";
				PRODUCT_BUNDLE_IDENTIFIER = com.jd.JDMainApp;
				PRODUCT_NAME = "$(TARGET_NAME)";
			};
			name = Release;
		};
/* End XCBuildConfiguration section */

/* Begin XCConfigurationList section */
		4D1AF2C91F273717006B7845 /* Build configuration list for PBXProject "JDMainApp" */ = {
			isa = XCConfigurationList;
			buildConfigurations = (
				4D1AF2E31F273718006B7845 /* Debug */,
				4D1AF2E41F273718006B7845 /* Release */,
			);
			defaultConfigurationIsVisible = 0;
			defaultConfigurationName = Release;
		};
		4D1AF2E51F273718006B7845 /* Build configuration list for PBXNativeTarget "JDMainApp" */ = {
			isa = XCConfigurationList;
			buildConfigurations = (
				4D1AF2E61F273718006B7845 /* Debug */,
				4D1AF2E71F273718006B7845 /* Release */,
			);
			defaultConfigurationIsVisible = 0;
			defaultConfigurationName = Release;
		};
/* End XCConfigurationList section */
	};
	rootObject = 4D1AF2C61F273717006B7845 /* Project object */;
}
